// !$*UTF8*$!
{
	archiveVersion = 1;
	classes = {
	};
	objectVersion = 55;
	objects = {

/* Begin PBXBuildFile section */
		75BDF14C284B62390003D689 /* AppDelegate.swift in Sources */ = {isa = PBXBuildFile; fileRef = 75BDF14B284B62390003D689 /* AppDelegate.swift */; };
		75BDF14E284B62390003D689 /* SceneDelegate.swift in Sources */ = {isa = PBXBuildFile; fileRef = 75BDF14D284B62390003D689 /* SceneDelegate.swift */; };
		75BDF150284B62390003D689 /* ViewController.swift in Sources */ = {isa = PBXBuildFile; fileRef = 75BDF14F284B62390003D689 /* ViewController.swift */; };
		75BDF153284B62390003D689 /* Main.storyboard in Resources */ = {isa = PBXBuildFile; fileRef = 75BDF151284B62390003D689 /* Main.storyboard */; };
		75BDF155284B623D0003D689 /* Assets.xcassets in Resources */ = {isa = PBXBuildFile; fileRef = 75BDF154284B623D0003D689 /* Assets.xcassets */; };
		75BDF158284B623D0003D689 /* LaunchScreen.storyboard in Resources */ = {isa = PBXBuildFile; fileRef = 75BDF156284B623D0003D689 /* LaunchScreen.storyboard */; };
		75BDF163284B623D0003D689 /* SobokanSolverTests.swift in Sources */ = {isa = PBXBuildFile; fileRef = 75BDF162284B623D0003D689 /* SobokanSolverTests.swift */; };
		75BDF16D284B623D0003D689 /* SobokanSolverUITests.swift in Sources */ = {isa = PBXBuildFile; fileRef = 75BDF16C284B623D0003D689 /* SobokanSolverUITests.swift */; };
		75BDF16F284B623D0003D689 /* SobokanSolverUITestsLaunchTests.swift in Sources */ = {isa = PBXBuildFile; fileRef = 75BDF16E284B623D0003D689 /* SobokanSolverUITestsLaunchTests.swift */; };
/* End PBXBuildFile section */

/* Begin PBXContainerItemProxy section */
		75BDF15F284B623D0003D689 /* PBXContainerItemProxy */ = {
			isa = PBXContainerItemProxy;
			containerPortal = 75BDF140284B62390003D689 /* Project object */;
			proxyType = 1;
			remoteGlobalIDString = 75BDF147284B62390003D689;
			remoteInfo = SobokanSolver;
		};
		75BDF169284B623D0003D689 /* PBXContainerItemProxy */ = {
			isa = PBXContainerItemProxy;
			containerPortal = 75BDF140284B62390003D689 /* Project object */;
			proxyType = 1;
			remoteGlobalIDString = 75BDF147284B62390003D689;
			remoteInfo = SobokanSolver;
		};
/* End PBXContainerItemProxy section */

/* Begin PBXFileReference section */
		75BDF148284B62390003D689 /* SobokanSolver.app */ = {isa = PBXFileReference; explicitFileType = wrapper.application; includeInIndex = 0; path = SobokanSolver.app; sourceTree = BUILT_PRODUCTS_DIR; };
		75BDF14B284B62390003D689 /* AppDelegate.swift */ = {isa = PBXFileReference; lastKnownFileType = sourcecode.swift; path = AppDelegate.swift; sourceTree = "<group>"; };
		75BDF14D284B62390003D689 /* SceneDelegate.swift */ = {isa = PBXFileReference; lastKnownFileType = sourcecode.swift; path = SceneDelegate.swift; sourceTree = "<group>"; };
		75BDF14F284B62390003D689 /* ViewController.swift */ = {isa = PBXFileReference; lastKnownFileType = sourcecode.swift; path = ViewController.swift; sourceTree = "<group>"; };
		75BDF152284B62390003D689 /* Base */ = {isa = PBXFileReference; lastKnownFileType = file.storyboard; name = Base; path = Base.lproj/Main.storyboard; sourceTree = "<group>"; };
		75BDF154284B623D0003D689 /* Assets.xcassets */ = {isa = PBXFileReference; lastKnownFileType = folder.assetcatalog; path = Assets.xcassets; sourceTree = "<group>"; };
		75BDF157284B623D0003D689 /* Base */ = {isa = PBXFileReference; lastKnownFileType = file.storyboard; name = Base; path = Base.lproj/LaunchScreen.storyboard; sourceTree = "<group>"; };
		75BDF159284B623D0003D689 /* Info.plist */ = {isa = PBXFileReference; lastKnownFileType = text.plist.xml; path = Info.plist; sourceTree = "<group>"; };
		75BDF15E284B623D0003D689 /* SobokanSolverTests.xctest */ = {isa = PBXFileReference; explicitFileType = wrapper.cfbundle; includeInIndex = 0; path = SobokanSolverTests.xctest; sourceTree = BUILT_PRODUCTS_DIR; };
		75BDF162284B623D0003D689 /* SobokanSolverTests.swift */ = {isa = PBXFileReference; lastKnownFileType = sourcecode.swift; path = SobokanSolverTests.swift; sourceTree = "<group>"; };
		75BDF168284B623D0003D689 /* SobokanSolverUITests.xctest */ = {isa = PBXFileReference; explicitFileType = wrapper.cfbundle; includeInIndex = 0; path = SobokanSolverUITests.xctest; sourceTree = BUILT_PRODUCTS_DIR; };
		75BDF16C284B623D0003D689 /* SobokanSolverUITests.swift */ = {isa = PBXFileReference; lastKnownFileType = sourcecode.swift; path = SobokanSolverUITests.swift; sourceTree = "<group>"; };
		75BDF16E284B623D0003D689 /* SobokanSolverUITestsLaunchTests.swift */ = {isa = PBXFileReference; lastKnownFileType = sourcecode.swift; path = SobokanSolverUITestsLaunchTests.swift; sourceTree = "<group>"; };
/* End PBXFileReference section */

/* Begin PBXFrameworksBuildPhase section */
		75BDF145284B62390003D689 /* Frameworks */ = {
			isa = PBXFrameworksBuildPhase;
			buildActionMask = 2147483647;
			files = (
			);
			runOnlyForDeploymentPostprocessing = 0;
		};
		75BDF15B284B623D0003D689 /* Frameworks */ = {
			isa = PBXFrameworksBuildPhase;
			buildActionMask = 2147483647;
			files = (
			);
			runOnlyForDeploymentPostprocessing = 0;
		};
		75BDF165284B623D0003D689 /* Frameworks */ = {
			isa = PBXFrameworksBuildPhase;
			buildActionMask = 2147483647;
			files = (
			);
			runOnlyForDeploymentPostprocessing = 0;
		};
/* End PBXFrameworksBuildPhase section */

/* Begin PBXGroup section */
		75BDF13F284B62390003D689 = {
			isa = PBXGroup;
			children = (
				75BDF14A284B62390003D689 /* SobokanSolver */,
				75BDF161284B623D0003D689 /* SobokanSolverTests */,
				75BDF16B284B623D0003D689 /* SobokanSolverUITests */,
				75BDF149284B62390003D689 /* Products */,
			);
			sourceTree = "<group>";
		};
		75BDF149284B62390003D689 /* Products */ = {
			isa = PBXGroup;
			children = (
				75BDF148284B62390003D689 /* SobokanSolver.app */,
				75BDF15E284B623D0003D689 /* SobokanSolverTests.xctest */,
				75BDF168284B623D0003D689 /* SobokanSolverUITests.xctest */,
			);
			name = Products;
			sourceTree = "<group>";
		};
		75BDF14A284B62390003D689 /* SobokanSolver */ = {
			isa = PBXGroup;
			children = (
				75BDF14B284B62390003D689 /* AppDelegate.swift */,
				75BDF14D284B62390003D689 /* SceneDelegate.swift */,
				75BDF14F284B62390003D689 /* ViewController.swift */,
				75BDF151284B62390003D689 /* Main.storyboard */,
				75BDF154284B623D0003D689 /* Assets.xcassets */,
				75BDF156284B623D0003D689 /* LaunchScreen.storyboard */,
				75BDF159284B623D0003D689 /* Info.plist */,
			);
			path = SobokanSolver;
			sourceTree = "<group>";
		};
		75BDF161284B623D0003D689 /* SobokanSolverTests */ = {
			isa = PBXGroup;
			children = (
				75BDF162284B623D0003D689 /* SobokanSolverTests.swift */,
			);
			path = SobokanSolverTests;
			sourceTree = "<group>";
		};
		75BDF16B284B623D0003D689 /* SobokanSolverUITests */ = {
			isa = PBXGroup;
			children = (
				75BDF16C284B623D0003D689 /* SobokanSolverUITests.swift */,
				75BDF16E284B623D0003D689 /* SobokanSolverUITestsLaunchTests.swift */,
			);
			path = SobokanSolverUITests;
			sourceTree = "<group>";
		};
/* End PBXGroup section */

/* Begin PBXNativeTarget section */
		75BDF147284B62390003D689 /* SobokanSolver */ = {
			isa = PBXNativeTarget;
			buildConfigurationList = 75BDF172284B623D0003D689 /* Build configuration list for PBXNativeTarget "SobokanSolver" */;
			buildPhases = (
				75BDF144284B62390003D689 /* Sources */,
				75BDF145284B62390003D689 /* Frameworks */,
				75BDF146284B62390003D689 /* Resources */,
			);
			buildRules = (
			);
			dependencies = (
			);
			name = SobokanSolver;
			productName = SobokanSolver;
			productReference = 75BDF148284B62390003D689 /* SobokanSolver.app */;
			productType = "com.apple.product-type.application";
		};
		75BDF15D284B623D0003D689 /* SobokanSolverTests */ = {
			isa = PBXNativeTarget;
			buildConfigurationList = 75BDF175284B623D0003D689 /* Build configuration list for PBXNativeTarget "SobokanSolverTests" */;
			buildPhases = (
				75BDF15A284B623D0003D689 /* Sources */,
				75BDF15B284B623D0003D689 /* Frameworks */,
				75BDF15C284B623D0003D689 /* Resources */,
			);
			buildRules = (
			);
			dependencies = (
				75BDF160284B623D0003D689 /* PBXTargetDependency */,
			);
			name = SobokanSolverTests;
			productName = SobokanSolverTests;
			productReference = 75BDF15E284B623D0003D689 /* SobokanSolverTests.xctest */;
			productType = "com.apple.product-type.bundle.unit-test";
		};
		75BDF167284B623D0003D689 /* SobokanSolverUITests */ = {
			isa = PBXNativeTarget;
			buildConfigurationList = 75BDF178284B623D0003D689 /* Build configuration list for PBXNativeTarget "SobokanSolverUITests" */;
			buildPhases = (
				75BDF164284B623D0003D689 /* Sources */,
				75BDF165284B623D0003D689 /* Frameworks */,
				75BDF166284B623D0003D689 /* Resources */,
			);
			buildRules = (
			);
			dependencies = (
				75BDF16A284B623D0003D689 /* PBXTargetDependency */,
			);
			name = SobokanSolverUITests;
			productName = SobokanSolverUITests;
			productReference = 75BDF168284B623D0003D689 /* SobokanSolverUITests.xctest */;
			productType = "com.apple.product-type.bundle.ui-testing";
		};
/* End PBXNativeTarget section */

/* Begin PBXProject section */
		75BDF140284B62390003D689 /* Project object */ = {
			isa = PBXProject;
			attributes = {
				BuildIndependentTargetsInParallel = 1;
				LastSwiftUpdateCheck = 1320;
				LastUpgradeCheck = 1320;
				TargetAttributes = {
					75BDF147284B62390003D689 = {
						CreatedOnToolsVersion = 13.2.1;
					};
					75BDF15D284B623D0003D689 = {
						CreatedOnToolsVersion = 13.2.1;
						TestTargetID = 75BDF147284B62390003D689;
					};
					75BDF167284B623D0003D689 = {
						CreatedOnToolsVersion = 13.2.1;
						TestTargetID = 75BDF147284B62390003D689;
					};
				};
			};
			buildConfigurationList = 75BDF143284B62390003D689 /* Build configuration list for PBXProject "SobokanSolver" */;
			compatibilityVersion = "Xcode 13.0";
			developmentRegion = en;
			hasScannedForEncodings = 0;
			knownRegions = (
				en,
				Base,
			);
			mainGroup = 75BDF13F284B62390003D689;
			productRefGroup = 75BDF149284B62390003D689 /* Products */;
			projectDirPath = "";
			projectRoot = "";
			targets = (
				75BDF147284B62390003D689 /* SobokanSolver */,
				75BDF15D284B623D0003D689 /* SobokanSolverTests */,
				75BDF167284B623D0003D689 /* SobokanSolverUITests */,
			);
		};
/* End PBXProject section */

/* Begin PBXResourcesBuildPhase section */
		75BDF146284B62390003D689 /* Resources */ = {
			isa = PBXResourcesBuildPhase;
			buildActionMask = 2147483647;
			files = (
				75BDF158284B623D0003D689 /* LaunchScreen.storyboard in Resources */,
				75BDF155284B623D0003D689 /* Assets.xcassets in Resources */,
				75BDF153284B62390003D689 /* Main.storyboard in Resources */,
			);
			runOnlyForDeploymentPostprocessing = 0;
		};
		75BDF15C284B623D0003D689 /* Resources */ = {
			isa = PBXResourcesBuildPhase;
			buildActionMask = 2147483647;
			files = (
			);
			runOnlyForDeploymentPostprocessing = 0;
		};
		75BDF166284B623D0003D689 /* Resources */ = {
			isa = PBXResourcesBuildPhase;
			buildActionMask = 2147483647;
			files = (
			);
			runOnlyForDeploymentPostprocessing = 0;
		};
/* End PBXResourcesBuildPhase section */

/* Begin PBXSourcesBuildPhase section */
		75BDF144284B62390003D689 /* Sources */ = {
			isa = PBXSourcesBuildPhase;
			buildActionMask = 2147483647;
			files = (
				75BDF150284B62390003D689 /* ViewController.swift in Sources */,
				75BDF14C284B62390003D689 /* AppDelegate.swift in Sources */,
				75BDF14E284B62390003D689 /* SceneDelegate.swift in Sources */,
			);
			runOnlyForDeploymentPostprocessing = 0;
		};
		75BDF15A284B623D0003D689 /* Sources */ = {
			isa = PBXSourcesBuildPhase;
			buildActionMask = 2147483647;
			files = (
				75BDF163284B623D0003D689 /* SobokanSolverTests.swift in Sources */,
			);
			runOnlyForDeploymentPostprocessing = 0;
		};
		75BDF164284B623D0003D689 /* Sources */ = {
			isa = PBXSourcesBuildPhase;
			buildActionMask = 2147483647;
			files = (
				75BDF16D284B623D0003D689 /* SobokanSolverUITests.swift in Sources */,
				75BDF16F284B623D0003D689 /* SobokanSolverUITestsLaunchTests.swift in Sources */,
			);
			runOnlyForDeploymentPostprocessing = 0;
		};
/* End PBXSourcesBuildPhase section */

/* Begin PBXTargetDependency section */
		75BDF160284B623D0003D689 /* PBXTargetDependency */ = {
			isa = PBXTargetDependency;
			target = 75BDF147284B62390003D689 /* SobokanSolver */;
			targetProxy = 75BDF15F284B623D0003D689 /* PBXContainerItemProxy */;
		};
		75BDF16A284B623D0003D689 /* PBXTargetDependency */ = {
			isa = PBXTargetDependency;
			target = 75BDF147284B62390003D689 /* SobokanSolver */;
			targetProxy = 75BDF169284B623D0003D689 /* PBXContainerItemProxy */;
		};
/* End PBXTargetDependency section */

/* Begin PBXVariantGroup section */
		75BDF151284B62390003D689 /* Main.storyboard */ = {
			isa = PBXVariantGroup;
			children = (
				75BDF152284B62390003D689 /* Base */,
			);
			name = Main.storyboard;
			sourceTree = "<group>";
		};
		75BDF156284B623D0003D689 /* LaunchScreen.storyboard */ = {
			isa = PBXVariantGroup;
			children = (
				75BDF157284B623D0003D689 /* Base */,
			);
			name = LaunchScreen.storyboard;
			sourceTree = "<group>";
		};
/* End PBXVariantGroup section */

/* Begin XCBuildConfiguration section */
		75BDF170284B623D0003D689 /* Debug */ = {
			isa = XCBuildConfiguration;
			buildSettings = {
				ALWAYS_SEARCH_USER_PATHS = NO;
				CLANG_ANALYZER_NONNULL = YES;
				CLANG_ANALYZER_NUMBER_OBJECT_CONVERSION = YES_AGGRESSIVE;
				CLANG_CXX_LANGUAGE_STANDARD = "gnu++17";
				CLANG_CXX_LIBRARY = "libc++";
				CLANG_ENABLE_MODULES = YES;
				CLANG_ENABLE_OBJC_ARC = YES;
				CLANG_ENABLE_OBJC_WEAK = YES;
				CLANG_WARN_BLOCK_CAPTURE_AUTORELEASING = YES;
				CLANG_WARN_BOOL_CONVERSION = YES;
				CLANG_WARN_COMMA = YES;
				CLANG_WARN_CONSTANT_CONVERSION = YES;
				CLANG_WARN_DEPRECATED_OBJC_IMPLEMENTATIONS = YES;
				CLANG_WARN_DIRECT_OBJC_ISA_USAGE = YES_ERROR;
				CLANG_WARN_DOCUMENTATION_COMMENTS = YES;
				CLANG_WARN_EMPTY_BODY = YES;
				CLANG_WARN_ENUM_CONVERSION = YES;
				CLANG_WARN_INFINITE_RECURSION = YES;
				CLANG_WARN_INT_CONVERSION = YES;
				CLANG_WARN_NON_LITERAL_NULL_CONVERSION = YES;
				CLANG_WARN_OBJC_IMPLICIT_RETAIN_SELF = YES;
				CLANG_WARN_OBJC_LITERAL_CONVERSION = YES;
				CLANG_WARN_OBJC_ROOT_CLASS = YES_ERROR;
				CLANG_WARN_QUOTED_INCLUDE_IN_FRAMEWORK_HEADER = YES;
				CLANG_WARN_RANGE_LOOP_ANALYSIS = YES;
				CLANG_WARN_STRICT_PROTOTYPES = YES;
				CLANG_WARN_SUSPICIOUS_MOVE = YES;
				CLANG_WARN_UNGUARDED_AVAILABILITY = YES_AGGRESSIVE;
				CLANG_WARN_UNREACHABLE_CODE = YES;
				CLANG_WARN__DUPLICATE_METHOD_MATCH = YES;
				COPY_PHASE_STRIP = NO;
				DEBUG_INFORMATION_FORMAT = dwarf;
				ENABLE_STRICT_OBJC_MSGSEND = YES;
				ENABLE_TESTABILITY = YES;
				GCC_C_LANGUAGE_STANDARD = gnu11;
				GCC_DYNAMIC_NO_PIC = NO;
				GCC_NO_COMMON_BLOCKS = YES;
				GCC_OPTIMIZATION_LEVEL = 0;
				GCC_PREPROCESSOR_DEFINITIONS = (
					"DEBUG=1",
					"$(inherited)",
				);
				GCC_WARN_64_TO_32_BIT_CONVERSION = YES;
				GCC_WARN_ABOUT_RETURN_TYPE = YES_ERROR;
				GCC_WARN_UNDECLARED_SELECTOR = YES;
				GCC_WARN_UNINITIALIZED_AUTOS = YES_AGGRESSIVE;
				GCC_WARN_UNUSED_FUNCTION = YES;
				GCC_WARN_UNUSED_VARIABLE = YES;
				IPHONEOS_DEPLOYMENT_TARGET = 15.2;
				MTL_ENABLE_DEBUG_INFO = INCLUDE_SOURCE;
				MTL_FAST_MATH = YES;
				ONLY_ACTIVE_ARCH = YES;
				SDKROOT = iphoneos;
				SWIFT_ACTIVE_COMPILATION_CONDITIONS = DEBUG;
				SWIFT_OPTIMIZATION_LEVEL = "-Onone";
			};
			name = Debug;
		};
		75BDF171284B623D0003D689 /* Release */ = {
			isa = XCBuildConfiguration;
			buildSettings = {
				ALWAYS_SEARCH_USER_PATHS = NO;
				CLANG_ANALYZER_NONNULL = YES;
				CLANG_ANALYZER_NUMBER_OBJECT_CONVERSION = YES_AGGRESSIVE;
				CLANG_CXX_LANGUAGE_STANDARD = "gnu++17";
				CLANG_CXX_LIBRARY = "libc++";
				CLANG_ENABLE_MODULES = YES;
				CLANG_ENABLE_OBJC_ARC = YES;
				CLANG_ENABLE_OBJC_WEAK = YES;
				CLANG_WARN_BLOCK_CAPTURE_AUTORELEASING = YES;
				CLANG_WARN_BOOL_CONVERSION = YES;
				CLANG_WARN_COMMA = YES;
				CLANG_WARN_CONSTANT_CONVERSION = YES;
				CLANG_WARN_DEPRECATED_OBJC_IMPLEMENTATIONS = YES;
				CLANG_WARN_DIRECT_OBJC_ISA_USAGE = YES_ERROR;
				CLANG_WARN_DOCUMENTATION_COMMENTS = YES;
				CLANG_WARN_EMPTY_BODY = YES;
				CLANG_WARN_ENUM_CONVERSION = YES;
				CLANG_WARN_INFINITE_RECURSION = YES;
				CLANG_WARN_INT_CONVERSION = YES;
				CLANG_WARN_NON_LITERAL_NULL_CONVERSION = YES;
				CLANG_WARN_OBJC_IMPLICIT_RETAIN_SELF = YES;
				CLANG_WARN_OBJC_LITERAL_CONVERSION = YES;
				CLANG_WARN_OBJC_ROOT_CLASS = YES_ERROR;
				CLANG_WARN_QUOTED_INCLUDE_IN_FRAMEWORK_HEADER = YES;
				CLANG_WARN_RANGE_LOOP_ANALYSIS = YES;
				CLANG_WARN_STRICT_PROTOTYPES = YES;
				CLANG_WARN_SUSPICIOUS_MOVE = YES;
				CLANG_WARN_UNGUARDED_AVAILABILITY = YES_AGGRESSIVE;
				CLANG_WARN_UNREACHABLE_CODE = YES;
				CLANG_WARN__DUPLICATE_METHOD_MATCH = YES;
				COPY_PHASE_STRIP = NO;
				DEBUG_INFORMATION_FORMAT = "dwarf-with-dsym";
				ENABLE_NS_ASSERTIONS = NO;
				ENABLE_STRICT_OBJC_MSGSEND = YES;
				GCC_C_LANGUAGE_STANDARD = gnu11;
				GCC_NO_COMMON_BLOCKS = YES;
				GCC_WARN_64_TO_32_BIT_CONVERSION = YES;
				GCC_WARN_ABOUT_RETURN_TYPE = YES_ERROR;
				GCC_WARN_UNDECLARED_SELECTOR = YES;
				GCC_WARN_UNINITIALIZED_AUTOS = YES_AGGRESSIVE;
				GCC_WARN_UNUSED_FUNCTION = YES;
				GCC_WARN_UNUSED_VARIABLE = YES;
				IPHONEOS_DEPLOYMENT_TARGET = 15.2;
				MTL_ENABLE_DEBUG_INFO = NO;
				MTL_FAST_MATH = YES;
				SDKROOT = iphoneos;
				SWIFT_COMPILATION_MODE = wholemodule;
				SWIFT_OPTIMIZATION_LEVEL = "-O";
				VALIDATE_PRODUCT = YES;
			};
			name = Release;
		};
		75BDF173284B623D0003D689 /* Debug */ = {
			isa = XCBuildConfiguration;
			buildSettings = {
				ASSETCATALOG_COMPILER_APPICON_NAME = AppIcon;
				ASSETCATALOG_COMPILER_GLOBAL_ACCENT_COLOR_NAME = AccentColor;
				CODE_SIGN_STYLE = Automatic;
				CURRENT_PROJECT_VERSION = 1;
				DEVELOPMENT_TEAM = L5XYL9R6G8;
				GENERATE_INFOPLIST_FILE = YES;
				INFOPLIST_FILE = SobokanSolver/Info.plist;
				INFOPLIST_KEY_UIApplicationSupportsIndirectInputEvents = YES;
				INFOPLIST_KEY_UILaunchStoryboardName = LaunchScreen;
				INFOPLIST_KEY_UIMainStoryboardFile = Main;
				INFOPLIST_KEY_UISupportedInterfaceOrientations_iPad = "UIInterfaceOrientationPortrait UIInterfaceOrientationPortraitUpsideDown UIInterfaceOrientationLandscapeLeft UIInterfaceOrientationLandscapeRight";
				INFOPLIST_KEY_UISupportedInterfaceOrientations_iPhone = "UIInterfaceOrientationPortrait UIInterfaceOrientationLandscapeLeft UIInterfaceOrientationLandscapeRight";
				LD_RUNPATH_SEARCH_PATHS = (
					"$(inherited)",
					"@executable_path/Frameworks",
				);
				MARKETING_VERSION = 1.0;
				PRODUCT_BUNDLE_IDENTIFIER = com.andrei.SobokanSolver;
				PRODUCT_NAME = "$(TARGET_NAME)";
				SWIFT_EMIT_LOC_STRINGS = YES;
				SWIFT_VERSION = 5.0;
				TARGETED_DEVICE_FAMILY = "1,2";
			};
			name = Debug;
		};
		75BDF174284B623D0003D689 /* Release */ = {
			isa = XCBuildConfiguration;
			buildSettings = {
				ASSETCATALOG_COMPILER_APPICON_NAME = AppIcon;
				ASSETCATALOG_COMPILER_GLOBAL_ACCENT_COLOR_NAME = AccentColor;
				CODE_SIGN_STYLE = Automatic;
				CURRENT_PROJECT_VERSION = 1;
				DEVELOPMENT_TEAM = L5XYL9R6G8;
				GENERATE_INFOPLIST_FILE = YES;
				INFOPLIST_FILE = SobokanSolver/Info.plist;
				INFOPLIST_KEY_UIApplicationSupportsIndirectInputEvents = YES;
				INFOPLIST_KEY_UILaunchStoryboardName = LaunchScreen;
				INFOPLIST_KEY_UIMainStoryboardFile = Main;
				INFOPLIST_KEY_UISupportedInterfaceOrientations_iPad = "UIInterfaceOrientationPortrait UIInterfaceOrientationPortraitUpsideDown UIInterfaceOrientationLandscapeLeft UIInterfaceOrientationLandscapeRight";
				INFOPLIST_KEY_UISupportedInterfaceOrientations_iPhone = "UIInterfaceOrientationPortrait UIInterfaceOrientationLandscapeLeft UIInterfaceOrientationLandscapeRight";
				LD_RUNPATH_SEARCH_PATHS = (
					"$(inherited)",
					"@executable_path/Frameworks",
				);
				MARKETING_VERSION = 1.0;
				PRODUCT_BUNDLE_IDENTIFIER = com.andrei.SobokanSolver;
				PRODUCT_NAME = "$(TARGET_NAME)";
				SWIFT_EMIT_LOC_STRINGS = YES;
				SWIFT_VERSION = 5.0;
				TARGETED_DEVICE_FAMILY = "1,2";
			};
			name = Release;
		};
		75BDF176284B623D0003D689 /* Debug */ = {
			isa = XCBuildConfiguration;
			buildSettings = {
				ALWAYS_EMBED_SWIFT_STANDARD_LIBRARIES = YES;
				BUNDLE_LOADER = "$(TEST_HOST)";
				CODE_SIGN_STYLE = Automatic;
				CURRENT_PROJECT_VERSION = 1;
				DEVELOPMENT_TEAM = L5XYL9R6G8;
				GENERATE_INFOPLIST_FILE = YES;
				IPHONEOS_DEPLOYMENT_TARGET = 15.2;
				MARKETING_VERSION = 1.0;
				PRODUCT_BUNDLE_IDENTIFIER = com.andrei.SobokanSolverTests;
				PRODUCT_NAME = "$(TARGET_NAME)";
				SWIFT_EMIT_LOC_STRINGS = NO;
				SWIFT_VERSION = 5.0;
				TARGETED_DEVICE_FAMILY = "1,2";
				TEST_HOST = "$(BUILT_PRODUCTS_DIR)/SobokanSolver.app/SobokanSolver";
			};
			name = Debug;
		};
		75BDF177284B623D0003D689 /* Release */ = {
			isa = XCBuildConfiguration;
			buildSettings = {
				ALWAYS_EMBED_SWIFT_STANDARD_LIBRARIES = YES;
				BUNDLE_LOADER = "$(TEST_HOST)";
				CODE_SIGN_STYLE = Automatic;
				CURRENT_PROJECT_VERSION = 1;
				DEVELOPMENT_TEAM = L5XYL9R6G8;
				GENERATE_INFOPLIST_FILE = YES;
				IPHONEOS_DEPLOYMENT_TARGET = 15.2;
				MARKETING_VERSION = 1.0;
				PRODUCT_BUNDLE_IDENTIFIER = com.andrei.SobokanSolverTests;
				PRODUCT_NAME = "$(TARGET_NAME)";
				SWIFT_EMIT_LOC_STRINGS = NO;
				SWIFT_VERSION = 5.0;
				TARGETED_DEVICE_FAMILY = "1,2";
				TEST_HOST = "$(BUILT_PRODUCTS_DIR)/SobokanSolver.app/SobokanSolver";
			};
			name = Release;
		};
		75BDF179284B623D0003D689 /* Debug */ = {
			isa = XCBuildConfiguration;
			buildSettings = {
				ALWAYS_EMBED_SWIFT_STANDARD_LIBRARIES = YES;
				CODE_SIGN_STYLE = Automatic;
				CURRENT_PROJECT_VERSION = 1;
				DEVELOPMENT_TEAM = L5XYL9R6G8;
				GENERATE_INFOPLIST_FILE = YES;
				MARKETING_VERSION = 1.0;
				PRODUCT_BUNDLE_IDENTIFIER = com.andrei.SobokanSolverUITests;
				PRODUCT_NAME = "$(TARGET_NAME)";
				SWIFT_EMIT_LOC_STRINGS = NO;
				SWIFT_VERSION = 5.0;
				TARGETED_DEVICE_FAMILY = "1,2";
				TEST_TARGET_NAME = SobokanSolver;
			};
			name = Debug;
		};
		75BDF17A284B623D0003D689 /* Release */ = {
			isa = XCBuildConfiguration;
			buildSettings = {
				ALWAYS_EMBED_SWIFT_STANDARD_LIBRARIES = YES;
				CODE_SIGN_STYLE = Automatic;
				CURRENT_PROJECT_VERSION = 1;
				DEVELOPMENT_TEAM = L5XYL9R6G8;
				GENERATE_INFOPLIST_FILE = YES;
				MARKETING_VERSION = 1.0;
				PRODUCT_BUNDLE_IDENTIFIER = com.andrei.SobokanSolverUITests;
				PRODUCT_NAME = "$(TARGET_NAME)";
				SWIFT_EMIT_LOC_STRINGS = NO;
				SWIFT_VERSION = 5.0;
				TARGETED_DEVICE_FAMILY = "1,2";
				TEST_TARGET_NAME = SobokanSolver;
			};
			name = Release;
		};
/* End XCBuildConfiguration section */

/* Begin XCConfigurationList section */
		75BDF143284B62390003D689 /* Build configuration list for PBXProject "SobokanSolver" */ = {
			isa = XCConfigurationList;
			buildConfigurations = (
				75BDF170284B623D0003D689 /* Debug */,
				75BDF171284B623D0003D689 /* Release */,
			);
			defaultConfigurationIsVisible = 0;
			defaultConfigurationName = Release;
		};
		75BDF172284B623D0003D689 /* Build configuration list for PBXNativeTarget "SobokanSolver" */ = {
			isa = XCConfigurationList;
			buildConfigurations = (
				75BDF173284B623D0003D689 /* Debug */,
				75BDF174284B623D0003D689 /* Release */,
			);
			defaultConfigurationIsVisible = 0;
			defaultConfigurationName = Release;
		};
		75BDF175284B623D0003D689 /* Build configuration list for PBXNativeTarget "SobokanSolverTests" */ = {
			isa = XCConfigurationList;
			buildConfigurations = (
				75BDF176284B623D0003D689 /* Debug */,
				75BDF177284B623D0003D689 /* Release */,
			);
			defaultConfigurationIsVisible = 0;
			defaultConfigurationName = Release;
		};
		75BDF178284B623D0003D689 /* Build configuration list for PBXNativeTarget "SobokanSolverUITests" */ = {
			isa = XCConfigurationList;
			buildConfigurations = (
				75BDF179284B623D0003D689 /* Debug */,
				75BDF17A284B623D0003D689 /* Release */,
			);
			defaultConfigurationIsVisible = 0;
			defaultConfigurationName = Release;
		};
/* End XCConfigurationList section */
	};
	rootObject = 75BDF140284B62390003D689 /* Project object */;
}
